
Microsoft Visual Studio Solution File, Format Version 12.00
# Visual Studio Version 16
VisualStudioVersion = 16.0.31605.320
MinimumVisualStudioVersion = 10.0.40219.1
Project("{FAE04EC0-301F-11D3-BF4B-00C04F79EFBC}") = "Teste", "Teste\Teste.csproj", "{15FB37C4-B9B0-4E1B-A50E-76ECE3B3D8A9}"
EndProject
Global
	GlobalSection(SolutionConfigurationPlatforms) = preSolution
		Debug|Any CPU = Debug|Any CPU
		Release|Any CPU = Release|Any CPU
	EndGlobalSection
	GlobalSection(ProjectConfigurationPlatforms) = postSolution
		{15FB37C4-B9B0-4E1B-A50E-76ECE3B3D8A9}.Debug|Any CPU.ActiveCfg = Debug|Any CPU
		{15FB37C4-B9B0-4E1B-A50E-76ECE3B3D8A9}.Debug|Any CPU.Build.0 = Debug|Any CPU
		{15FB37C4-B9B0-4E1B-A50E-76ECE3B3D8A9}.Release|Any CPU.ActiveCfg = Release|Any CPU
		{15FB37C4-B9B0-4E1B-A50E-76ECE3B3D8A9}.Release|Any CPU.Build.0 = Release|Any CPU
	EndGlobalSection
	GlobalSection(SolutionProperties) = preSolution
		HideSolutionNode = FALSE
	EndGlobalSection
	GlobalSection(ExtensibilityGlobals) = postSolution
		SolutionGuid = {9C70FFB5-DC14-4C48-A32A-772D6604D75D}
	EndGlobalSection
EndGlobal
